
Microsoft Visual Studio Solution File, Format Version 12.00
# Visual Studio Version 17
VisualStudioVersion = 17.3.32819.101
MinimumVisualStudioVersion = 10.0.40219.1
Project("{FAE04EC0-301F-11D3-BF4B-00C04F79EFBC}") = "DI", "DI\DI.csproj", "{318E4222-401F-4483-A9D7-60ACA8682865}"
EndProject
Global
	GlobalSection(SolutionConfigurationPlatforms) = preSolution
		Debug|Any CPU = Debug|Any CPU
		Release|Any CPU = Release|Any CPU
	EndGlobalSection
	GlobalSection(ProjectConfigurationPlatforms) = postSolution
		{318E4222-401F-4483-A9D7-60ACA8682865}.Debug|Any CPU.ActiveCfg = Debug|Any CPU
		{318E4222-401F-4483-A9D7-60ACA8682865}.Debug|Any CPU.Build.0 = Debug|Any CPU
		{318E4222-401F-4483-A9D7-60ACA8682865}.Release|Any CPU.ActiveCfg = Release|Any CPU
		{318E4222-401F-4483-A9D7-60ACA8682865}.Release|Any CPU.Build.0 = Release|Any CPU
	EndGlobalSection
	GlobalSection(SolutionProperties) = preSolution
		HideSolutionNode = FALSE
	EndGlobalSection
	GlobalSection(ExtensibilityGlobals) = postSolution
		SolutionGuid = {3A62052B-0F6B-4D81-AAA1-5A42E4DBA299}
	EndGlobalSection
EndGlobal
